hash: 9af13a8a94c90bcdaefb99e984f58f010088646c290551f35d5e8cfae25f3617
updated: 2016-09-01T05:32:48.784894842-07:00
imports:
- name: code.impractical.co/pqarrays
  version: e02237bd0f22fbf34ddfc1ecdedde1c62124a483
  repo: git://github.com/impractical/pqarrays.git
  vcs: git
- name: darlinggo.co/pan
  version: 2a3e2fb00bb0bcf017acb535af86e8890c5fc501
  repo: git://github.com/darlinggo/pan.git
  vcs: git
- name: github.com/lib/pq
  version: 80f8150043c80fb52dee6bc863a709cdac7ec8f8
  subpackages:
  - oid
- name: github.com/pborman/uuid
  version: b984ec7fa9ff9e428bd0cf0abf429384dfbe3e37
- name: github.com/rubenv/sql-migrate
  version: 6f4757563362064790a6687a6b60f182062c8634
  subpackages:
  - sqlparse
- name: gopkg.in/gorp.v1
  version: c87af80f3cc5036b55b83d77171e156791085e2e
testImports: []
