# This file is autogenerated, do not edit; changes may be undone by the next 'dep ensure'.


[[projects]]
  name = "darlinggo.co/pan"
  packages = ["."]
  revision = "2a3e2fb00bb0bcf017acb535af86e8890c5fc501"
  version = "v0.1.0"

[[projects]]
  name = "darlinggo.co/trout"
  packages = ["."]
  revision = "7578ccb7c179d9df9f342ae16470143f40694a8a"
  version = "v1.0.0"

[[projects]]
  name = "github.com/apex/log"
  packages = ["."]
  revision = "0296d6eb16bb28f8a0c55668affcf4876dc269be"
  version = "v1.0.0"

[[projects]]
  branch = "v2"
  name = "github.com/coreos/go-oidc"
  packages = ["."]
  revision = "731ffe63a67970dfa9b0a45c3ad43d2ae6a38456"

[[projects]]
  name = "github.com/dgrijalva/jwt-go"
  packages = ["."]
  revision = "dbeaa9332f19a944acb5736b4456cfcc02140e29"
  version = "v3.1.0"

[[projects]]
  branch = "master"
  name = "github.com/golang/protobuf"
  packages = ["proto"]
  revision = "1643683e1b54a9e88ad26d98f81400c8c9d9f4f9"

[[projects]]
  branch = "master"
  name = "github.com/hashicorp/go-immutable-radix"
  packages = ["."]
  revision = "8aac2701530899b64bdea735a1de8da899815220"

[[projects]]
  branch = "master"
  name = "github.com/hashicorp/go-memdb"
  packages = ["."]
  revision = "75ff99613d288868d8888ec87594525906815dbc"

[[projects]]
  branch = "master"
  name = "github.com/hashicorp/go-uuid"
  packages = ["."]
  revision = "64130c7a86d732268a38cb04cfbaf0cc987fda98"

[[projects]]
  branch = "master"
  name = "github.com/hashicorp/golang-lru"
  packages = ["simplelru"]
  revision = "0a025b7e63adc15a622f29b0b2c4c3848243bbf6"

[[projects]]
  branch = "master"
  name = "github.com/lib/pq"
  packages = [".","oid"]
  revision = "b0d5024adb34b4122c6ee7eeb6ab511f7223222d"

[[projects]]
  name = "github.com/pkg/errors"
  packages = ["."]
  revision = "645ef00459ed84a119197bfb8d8205042c6df63d"
  version = "v0.8.0"

[[projects]]
  branch = "master"
  name = "github.com/pquerna/cachecontrol"
  packages = [".","cacheobject"]
  revision = "0dec1b30a0215bb68605dfc568e8855066c9202d"

[[projects]]
  branch = "master"
  name = "github.com/rubenv/sql-migrate"
  packages = [".","sqlparse"]
  revision = "79fe99e24311fa42469fb2ca23eb3f8f065e6155"

[[projects]]
  branch = "master"
  name = "golang.org/x/crypto"
  packages = ["ed25519","ed25519/internal/edwards25519"]
  revision = "edd5e9b0879d13ee6970a50153d85b8fec9f7686"

[[projects]]
  branch = "master"
  name = "golang.org/x/net"
  packages = ["context","context/ctxhttp"]
  revision = "cd69bc3fc700721b709c3a59e16e24c67b58f6ff"

[[projects]]
  branch = "master"
  name = "golang.org/x/oauth2"
  packages = [".","internal"]
  revision = "bb50c06baba3d0c76f9d125c0719093e315b5b44"

[[projects]]
  name = "google.golang.org/appengine"
  packages = ["internal","internal/base","internal/datastore","internal/log","internal/remote_api","internal/urlfetch","urlfetch"]
  revision = "150dc57a1b433e64154302bdc40b6bb8aefa313a"
  version = "v1.0.0"

[[projects]]
  name = "gopkg.in/gorp.v1"
  packages = ["."]
  revision = "c87af80f3cc5036b55b83d77171e156791085e2e"
  version = "v1.7.1"

[[projects]]
  name = "gopkg.in/square/go-jose.v2"
  packages = [".","cipher","json"]
  revision = "f8f38de21b4dcd69d0413faf231983f5fd6634b1"
  version = "v2.1.3"

[[projects]]
  branch = "master"
  name = "impractical.co/auth/accounts"
  packages = ["."]
  revision = "ba459659203cab67329138cecb9c8f16f8405c4a"

[[projects]]
  branch = "master"
  name = "impractical.co/auth/sessions"
  packages = ["."]
  revision = "1d172e040d1e7f48cee380e904e1be265fdce276"

[[projects]]
  branch = "master"
  name = "impractical.co/auth/tokens"
  packages = ["."]
  revision = "1f700af8df7b17d1660b95c4dd8a34d217e64b12"

[[projects]]
  branch = "master"
  name = "impractical.co/googleid"
  packages = ["."]
  revision = "2a8dc74e1d231761897a85454373496ae2b45038"

[[projects]]
  branch = "master"
  name = "impractical.co/pqarrays"
  packages = ["."]
  revision = "970404683d9835203a7cafe77d40dcf07b99d983"

[solve-meta]
  analyzer-name = "dep"
  analyzer-version = 1
  inputs-digest = "555935775b2bcdac5b903d22175d9fabe4e251316959c2d57ac51384dd5a91ce"
  solver-name = "gps-cdcl"
  solver-version = 1
